
Microsoft Visual Studio Solution File, Format Version 12.00
# Visual Studio Version 17
VisualStudioVersion = 17.7.34018.315
MinimumVisualStudioVersion = 10.0.40219.1
Project("{FAE04EC0-301F-11D3-BF4B-00C04F79EFBC}") = "BasicWebApi.App", "BasicWebApi.App\BasicWebApi.App.csproj", "{10771423-D159-4791-A4BA-C01B9A6B116D}"
EndProject
Project("{FAE04EC0-301F-11D3-BF4B-00C04F79EFBC}") = "BasicWebApi.DataAccess", "BasicWebApi.DataAccess\BasicWebApi.DataAccess.csproj", "{BA1FA84E-E937-432D-BC4D-88B47605CE52}"
EndProject
Project("{FAE04EC0-301F-11D3-BF4B-00C04F79EFBC}") = "BasicWebApi.Domain", "BasicWebApi.Domain\BasicWebApi.Domain.csproj", "{FB5FC1DF-AB48-415B-B8EA-C3D771D5DB8E}"
EndProject
Project("{FAE04EC0-301F-11D3-BF4B-00C04F79EFBC}") = "BasicWebApi.Helpers", "BasicWebApi.Helpers\BasicWebApi.Helpers.csproj", "{62F5C04F-6929-4935-9FEC-145012B04B22}"
EndProject
Global
	GlobalSection(SolutionConfigurationPlatforms) = preSolution
		Debug|Any CPU = Debug|Any CPU
		Release|Any CPU = Release|Any CPU
	EndGlobalSection
	GlobalSection(ProjectConfigurationPlatforms) = postSolution
		{10771423-D159-4791-A4BA-C01B9A6B116D}.Debug|Any CPU.ActiveCfg = Debug|Any CPU
		{10771423-D159-4791-A4BA-C01B9A6B116D}.Debug|Any CPU.Build.0 = Debug|Any CPU
		{10771423-D159-4791-A4BA-C01B9A6B116D}.Release|Any CPU.ActiveCfg = Release|Any CPU
		{10771423-D159-4791-A4BA-C01B9A6B116D}.Release|Any CPU.Build.0 = Release|Any CPU
		{BA1FA84E-E937-432D-BC4D-88B47605CE52}.Debug|Any CPU.ActiveCfg = Debug|Any CPU
		{BA1FA84E-E937-432D-BC4D-88B47605CE52}.Debug|Any CPU.Build.0 = Debug|Any CPU
		{BA1FA84E-E937-432D-BC4D-88B47605CE52}.Release|Any CPU.ActiveCfg = Release|Any CPU
		{BA1FA84E-E937-432D-BC4D-88B47605CE52}.Release|Any CPU.Build.0 = Release|Any CPU
		{FB5FC1DF-AB48-415B-B8EA-C3D771D5DB8E}.Debug|Any CPU.ActiveCfg = Debug|Any CPU
		{FB5FC1DF-AB48-415B-B8EA-C3D771D5DB8E}.Debug|Any CPU.Build.0 = Debug|Any CPU
		{FB5FC1DF-AB48-415B-B8EA-C3D771D5DB8E}.Release|Any CPU.ActiveCfg = Release|Any CPU
		{FB5FC1DF-AB48-415B-B8EA-C3D771D5DB8E}.Release|Any CPU.Build.0 = Release|Any CPU
		{62F5C04F-6929-4935-9FEC-145012B04B22}.Debug|Any CPU.ActiveCfg = Debug|Any CPU
		{62F5C04F-6929-4935-9FEC-145012B04B22}.Debug|Any CPU.Build.0 = Debug|Any CPU
		{62F5C04F-6929-4935-9FEC-145012B04B22}.Release|Any CPU.ActiveCfg = Release|Any CPU
		{62F5C04F-6929-4935-9FEC-145012B04B22}.Release|Any CPU.Build.0 = Release|Any CPU
	EndGlobalSection
	GlobalSection(SolutionProperties) = preSolution
		HideSolutionNode = FALSE
	EndGlobalSection
	GlobalSection(ExtensibilityGlobals) = postSolution
		SolutionGuid = {6B3A9AF5-D5F5-4D8A-BD7B-D562D4865EC0}
	EndGlobalSection
EndGlobal
